{
  "name": "AsanaClone",
  "lockfileVersion": 2,
  "requires": true,
  "packages": {
    "": {
      "dependencies": {
        "email_validator": "^1.0.0"
      }
    },
    "node_modules/email_validator": {
      "version": "1.0.0",
      "resolved": "https://registry.npmjs.org/email_validator/-/email_validator-1.0.0.tgz",
      "integrity": "sha512-S4r8q2oquMzNnF8ncmiQXTafjBTA+No4+DHm/x4doa1eLUHS82b+02PXPri1Khr0wldOqiU5Uq2TZrxtYlVdGA=="
    }
  },
  "dependencies": {
    "email_validator": {
      "version": "1.0.0",
      "resolved": "https://registry.npmjs.org/email_validator/-/email_validator-1.0.0.tgz",
      "integrity": "sha512-S4r8q2oquMzNnF8ncmiQXTafjBTA+No4+DHm/x4doa1eLUHS82b+02PXPri1Khr0wldOqiU5Uq2TZrxtYlVdGA=="
    }
  }
}
